{
  "name": "reveal_op",
  "version": "1.0.0",
  "lockfileVersion": 1,
  "requires": true,
  "dependencies": {
    "ityped": {
      "version": "1.0.1",
      "resolved": "https://registry.npmjs.org/ityped/-/ityped-1.0.1.tgz",
      "integrity": "sha512-xnt+vp8Qwx2Ms0TdyKDkLqU+4pfPJ/VNrJjmE8IHgX2DdDTVrr5o69KRaAYxiKeON5KDYrVuqTqduJi9n/rG6A=="
    },
    "reveal.js": {
      "version": "3.6.0",
      "resolved": "https://registry.npmjs.org/reveal.js/-/reveal.js-3.6.0.tgz",
      "integrity": "sha512-ZhXBWoDiaNySAJgs3XqmkHTmjR3Dkkhyy89VY8PLzXBDwNhP7ZEGtBT1H3xJRCEGOD4ScLJBbU75PRiPLQgWgw=="
    }
  }
}
